# THIS IS AN AUTOGENERATED FILE. DO NOT EDIT THIS FILE DIRECTLY.
# yarn lockfile v1


eslint-config-semistandard@^15.0.1:
  version "15.0.1"
  resolved "https://registry.yarnpkg.com/eslint-config-semistandard/-/eslint-config-semistandard-15.0.1.tgz#a868397af8fb26d1bb6b907aa9d575d385581099"
  integrity sha512-sfV+qNBWKOmF0kZJll1VH5XqOAdTmLlhbOl9WKI11d2eMEe+Kicxnpm24PQWHOqAfk5pAWU2An0LjNCXKa4Usg==
